// !$*UTF8*$!
{
	archiveVersion = 1;
	classes = {
	};
	objectVersion = 46;
	objects = {

/* Begin PBXBuildFile section */
		961443E515BB3B50004CBA37 /* UIKit.framework in Frameworks */ = {isa = PBXBuildFile; fileRef = 961443E415BB3B50004CBA37 /* UIKit.framework */; };
		961443E715BB3B50004CBA37 /* Foundation.framework in Frameworks */ = {isa = PBXBuildFile; fileRef = 961443E615BB3B50004CBA37 /* Foundation.framework */; };
		961443E915BB3B50004CBA37 /* CoreGraphics.framework in Frameworks */ = {isa = PBXBuildFile; fileRef = 961443E815BB3B50004CBA37 /* CoreGraphics.framework */; };
		961443EB15BB3B50004CBA37 /* CoreData.framework in Frameworks */ = {isa = PBXBuildFile; fileRef = 961443EA15BB3B50004CBA37 /* CoreData.framework */; };
		961443F115BB3B51004CBA37 /* InfoPlist.strings in Resources */ = {isa = PBXBuildFile; fileRef = 961443EF15BB3B51004CBA37 /* InfoPlist.strings */; };
		961443F315BB3B51004CBA37 /* main.m in Sources */ = {isa = PBXBuildFile; fileRef = 961443F215BB3B51004CBA37 /* main.m */; };
		961443F715BB3B51004CBA37 /* AppDelegate.m in Sources */ = {isa = PBXBuildFile; fileRef = 961443F615BB3B51004CBA37 /* AppDelegate.m */; };
		961443FA15BB3B51004CBA37 /* iStudent.xcdatamodeld in Sources */ = {isa = PBXBuildFile; fileRef = 961443F815BB3B51004CBA37 /* iStudent.xcdatamodeld */; };
		9614441A15BB3B81004CBA37 /* Security.framework in Frameworks */ = {isa = PBXBuildFile; fileRef = 9614441915BB3B81004CBA37 /* Security.framework */; };
		9614441C15BB3B87004CBA37 /* SystemConfiguration.framework in Frameworks */ = {isa = PBXBuildFile; fileRef = 9614441B15BB3B87004CBA37 /* SystemConfiguration.framework */; };
		9614456415BB3F55004CBA37 /* CoreDataTableViewController.m in Sources */ = {isa = PBXBuildFile; fileRef = 9614456315BB3F55004CBA37 /* CoreDataTableViewController.m */; };
		9614456715BB3F8C004CBA37 /* SemestersViewController.m in Sources */ = {isa = PBXBuildFile; fileRef = 9614456615BB3F8C004CBA37 /* SemestersViewController.m */; };
		9614456D15BB4C27004CBA37 /* DatePickerViewController.m in Sources */ = {isa = PBXBuildFile; fileRef = 9614456C15BB4C27004CBA37 /* DatePickerViewController.m */; };
		9614457115BB4C4E004CBA37 /* EditSemesterViewController.m in Sources */ = {isa = PBXBuildFile; fileRef = 9614457015BB4C4E004CBA37 /* EditSemesterViewController.m */; };
		9614457415BB4D79004CBA37 /* Semester.m in Sources */ = {isa = PBXBuildFile; fileRef = 9614457315BB4D79004CBA37 /* Semester.m */; };
		9614457715BB5A9C004CBA37 /* DatePickerViewController.xib in Resources */ = {isa = PBXBuildFile; fileRef = 9614457615BB5A9C004CBA37 /* DatePickerViewController.xib */; };
		9614457E15BB9746004CBA37 /* NSManagedObject-IsNew.m in Sources */ = {isa = PBXBuildFile; fileRef = 9614457D15BB9746004CBA37 /* NSManagedObject-IsNew.m */; };
		96E6A06615BEEE280067A844 /* Course.m in Sources */ = {isa = PBXBuildFile; fileRef = 96E6A06515BEEE280067A844 /* Course.m */; };
		96E6A06C15BEEE8F0067A844 /* MeetingTime.m in Sources */ = {isa = PBXBuildFile; fileRef = 96E6A06B15BEEE8E0067A844 /* MeetingTime.m */; };
		96E6A07215BEF03A0067A844 /* DaysOfTheWeekPicker.m in Sources */ = {isa = PBXBuildFile; fileRef = 96E6A06E15BEF03A0067A844 /* DaysOfTheWeekPicker.m */; };
		96E6A07315BEF03A0067A844 /* TimePickerViewController.m in Sources */ = {isa = PBXBuildFile; fileRef = 96E6A07015BEF03A0067A844 /* TimePickerViewController.m */; };
		96E6A07415BEF03A0067A844 /* TimePickerViewController.xib in Resources */ = {isa = PBXBuildFile; fileRef = 96E6A07115BEF03A0067A844 /* TimePickerViewController.xib */; };
		96E6A07715BEF1090067A844 /* EditMeetingTimeViewController.m in Sources */ = {isa = PBXBuildFile; fileRef = 96E6A07615BEF1090067A844 /* EditMeetingTimeViewController.m */; };
		96E6A07C15BEF2DC0067A844 /* CoursesViewController.m in Sources */ = {isa = PBXBuildFile; fileRef = 96E6A07915BEF2DC0067A844 /* CoursesViewController.m */; };
		96E6A07D15BEF2DC0067A844 /* EditCourseViewController.m in Sources */ = {isa = PBXBuildFile; fileRef = 96E6A07B15BEF2DC0067A844 /* EditCourseViewController.m */; };
		96E6A08115BF47340067A844 /* MeetingTimesViewController.m in Sources */ = {isa = PBXBuildFile; fileRef = 96E6A08015BF47340067A844 /* MeetingTimesViewController.m */; };
		96FB4F1C15BC9E2500415A5D /* TextEntryViewController.m in Sources */ = {isa = PBXBuildFile; fileRef = 96FB4F1A15BC9E2500415A5D /* TextEntryViewController.m */; };
		96FB4F1D15BC9E2500415A5D /* TextEntryViewController.xib in Resources */ = {isa = PBXBuildFile; fileRef = 96FB4F1B15BC9E2500415A5D /* TextEntryViewController.xib */; };
/* End PBXBuildFile section */

/* Begin PBXFileReference section */
		961443E015BB3B50004CBA37 /* iStudent.app */ = {isa = PBXFileReference; explicitFileType = wrapper.application; includeInIndex = 0; path = iStudent.app; sourceTree = BUILT_PRODUCTS_DIR; };
		961443E415BB3B50004CBA37 /* UIKit.framework */ = {isa = PBXFileReference; lastKnownFileType = wrapper.framework; name = UIKit.framework; path = System/Library/Frameworks/UIKit.framework; sourceTree = SDKROOT; };
		961443E615BB3B50004CBA37 /* Foundation.framework */ = {isa = PBXFileReference; lastKnownFileType = wrapper.framework; name = Foundation.framework; path = System/Library/Frameworks/Foundation.framework; sourceTree = SDKROOT; };
		961443E815BB3B50004CBA37 /* CoreGraphics.framework */ = {isa = PBXFileReference; lastKnownFileType = wrapper.framework; name = CoreGraphics.framework; path = System/Library/Frameworks/CoreGraphics.framework; sourceTree = SDKROOT; };
		961443EA15BB3B50004CBA37 /* CoreData.framework */ = {isa = PBXFileReference; lastKnownFileType = wrapper.framework; name = CoreData.framework; path = System/Library/Frameworks/CoreData.framework; sourceTree = SDKROOT; };
		961443EE15BB3B51004CBA37 /* iStudent-Info.plist */ = {isa = PBXFileReference; lastKnownFileType = text.plist.xml; path = "iStudent-Info.plist"; sourceTree = "<group>"; };
		961443F015BB3B51004CBA37 /* en */ = {isa = PBXFileReference; lastKnownFileType = text.plist.strings; name = en; path = en.lproj/InfoPlist.strings; sourceTree = "<group>"; };
		961443F215BB3B51004CBA37 /* main.m */ = {isa = PBXFileReference; lastKnownFileType = sourcecode.c.objc; path = main.m; sourceTree = "<group>"; };
		961443F415BB3B51004CBA37 /* iStudent-Prefix.pch */ = {isa = PBXFileReference; lastKnownFileType = sourcecode.c.h; path = "iStudent-Prefix.pch"; sourceTree = "<group>"; };
		961443F515BB3B51004CBA37 /* AppDelegate.h */ = {isa = PBXFileReference; lastKnownFileType = sourcecode.c.h; path = AppDelegate.h; sourceTree = "<group>"; };
		961443F615BB3B51004CBA37 /* AppDelegate.m */ = {isa = PBXFileReference; lastKnownFileType = sourcecode.c.objc; path = AppDelegate.m; sourceTree = "<group>"; };
		961443F915BB3B51004CBA37 /* iStudent.xcdatamodel */ = {isa = PBXFileReference; lastKnownFileType = wrapper.xcdatamodel; path = iStudent.xcdatamodel; sourceTree = "<group>"; };
		9614441915BB3B81004CBA37 /* Security.framework */ = {isa = PBXFileReference; lastKnownFileType = wrapper.framework; name = Security.framework; path = System/Library/Frameworks/Security.framework; sourceTree = SDKROOT; };
		9614441B15BB3B87004CBA37 /* SystemConfiguration.framework */ = {isa = PBXFileReference; lastKnownFileType = wrapper.framework; name = SystemConfiguration.framework; path = System/Library/Frameworks/SystemConfiguration.framework; sourceTree = SDKROOT; };
		9614456215BB3F55004CBA37 /* CoreDataTableViewController.h */ = {isa = PBXFileReference; fileEncoding = 4; lastKnownFileType = sourcecode.c.h; path = CoreDataTableViewController.h; sourceTree = "<group>"; };
		9614456315BB3F55004CBA37 /* CoreDataTableViewController.m */ = {isa = PBXFileReference; fileEncoding = 4; lastKnownFileType = sourcecode.c.objc; path = CoreDataTableViewController.m; sourceTree = "<group>"; };
		9614456515BB3F8C004CBA37 /* SemestersViewController.h */ = {isa = PBXFileReference; fileEncoding = 4; lastKnownFileType = sourcecode.c.h; path = SemestersViewController.h; sourceTree = "<group>"; };
		9614456615BB3F8C004CBA37 /* SemestersViewController.m */ = {isa = PBXFileReference; fileEncoding = 4; lastKnownFileType = sourcecode.c.objc; path = SemestersViewController.m; sourceTree = "<group>"; };
		9614456B15BB4C27004CBA37 /* DatePickerViewController.h */ = {isa = PBXFileReference; fileEncoding = 4; lastKnownFileType = sourcecode.c.h; path = DatePickerViewController.h; sourceTree = "<group>"; };
		9614456C15BB4C27004CBA37 /* DatePickerViewController.m */ = {isa = PBXFileReference; fileEncoding = 4; lastKnownFileType = sourcecode.c.objc; path = DatePickerViewController.m; sourceTree = "<group>"; };
		9614456F15BB4C4E004CBA37 /* EditSemesterViewController.h */ = {isa = PBXFileReference; fileEncoding = 4; lastKnownFileType = sourcecode.c.h; path = EditSemesterViewController.h; sourceTree = "<group>"; };
		9614457015BB4C4E004CBA37 /* EditSemesterViewController.m */ = {isa = PBXFileReference; fileEncoding = 4; lastKnownFileType = sourcecode.c.objc; path = EditSemesterViewController.m; sourceTree = "<group>"; };
		9614457215BB4D79004CBA37 /* Semester.h */ = {isa = PBXFileReference; fileEncoding = 4; lastKnownFileType = sourcecode.c.h; path = Semester.h; sourceTree = "<group>"; };
		9614457315BB4D79004CBA37 /* Semester.m */ = {isa = PBXFileReference; fileEncoding = 4; lastKnownFileType = sourcecode.c.objc; path = Semester.m; sourceTree = "<group>"; };
		9614457615BB5A9C004CBA37 /* DatePickerViewController.xib */ = {isa = PBXFileReference; fileEncoding = 4; lastKnownFileType = file.xib; path = DatePickerViewController.xib; sourceTree = "<group>"; };
		9614457C15BB9746004CBA37 /* NSManagedObject-IsNew.h */ = {isa = PBXFileReference; fileEncoding = 4; lastKnownFileType = sourcecode.c.h; path = "NSManagedObject-IsNew.h"; sourceTree = "<group>"; };
		9614457D15BB9746004CBA37 /* NSManagedObject-IsNew.m */ = {isa = PBXFileReference; fileEncoding = 4; lastKnownFileType = sourcecode.c.objc; path = "NSManagedObject-IsNew.m"; sourceTree = "<group>"; };
		96E6A06415BEEE280067A844 /* Course.h */ = {isa = PBXFileReference; fileEncoding = 4; lastKnownFileType = sourcecode.c.h; path = Course.h; sourceTree = "<group>"; };
		96E6A06515BEEE280067A844 /* Course.m */ = {isa = PBXFileReference; fileEncoding = 4; lastKnownFileType = sourcecode.c.objc; path = Course.m; sourceTree = "<group>"; };
		96E6A06A15BEEE8E0067A844 /* MeetingTime.h */ = {isa = PBXFileReference; fileEncoding = 4; lastKnownFileType = sourcecode.c.h; path = MeetingTime.h; sourceTree = "<group>"; };
		96E6A06B15BEEE8E0067A844 /* MeetingTime.m */ = {isa = PBXFileReference; fileEncoding = 4; lastKnownFileType = sourcecode.c.objc; path = MeetingTime.m; sourceTree = "<group>"; };
		96E6A06D15BEF03A0067A844 /* DaysOfTheWeekPicker.h */ = {isa = PBXFileReference; fileEncoding = 4; lastKnownFileType = sourcecode.c.h; path = DaysOfTheWeekPicker.h; sourceTree = "<group>"; };
		96E6A06E15BEF03A0067A844 /* DaysOfTheWeekPicker.m */ = {isa = PBXFileReference; fileEncoding = 4; lastKnownFileType = sourcecode.c.objc; path = DaysOfTheWeekPicker.m; sourceTree = "<group>"; };
		96E6A06F15BEF03A0067A844 /* TimePickerViewController.h */ = {isa = PBXFileReference; fileEncoding = 4; lastKnownFileType = sourcecode.c.h; path = TimePickerViewController.h; sourceTree = "<group>"; };
		96E6A07015BEF03A0067A844 /* TimePickerViewController.m */ = {isa = PBXFileReference; fileEncoding = 4; lastKnownFileType = sourcecode.c.objc; path = TimePickerViewController.m; sourceTree = "<group>"; };
		96E6A07115BEF03A0067A844 /* TimePickerViewController.xib */ = {isa = PBXFileReference; fileEncoding = 4; lastKnownFileType = file.xib; path = TimePickerViewController.xib; sourceTree = "<group>"; };
		96E6A07515BEF1090067A844 /* EditMeetingTimeViewController.h */ = {isa = PBXFileReference; fileEncoding = 4; lastKnownFileType = sourcecode.c.h; path = EditMeetingTimeViewController.h; sourceTree = "<group>"; };
		96E6A07615BEF1090067A844 /* EditMeetingTimeViewController.m */ = {isa = PBXFileReference; fileEncoding = 4; lastKnownFileType = sourcecode.c.objc; path = EditMeetingTimeViewController.m; sourceTree = "<group>"; };
		96E6A07815BEF2DC0067A844 /* CoursesViewController.h */ = {isa = PBXFileReference; fileEncoding = 4; lastKnownFileType = sourcecode.c.h; path = CoursesViewController.h; sourceTree = "<group>"; };
		96E6A07915BEF2DC0067A844 /* CoursesViewController.m */ = {isa = PBXFileReference; fileEncoding = 4; lastKnownFileType = sourcecode.c.objc; path = CoursesViewController.m; sourceTree = "<group>"; };
		96E6A07A15BEF2DC0067A844 /* EditCourseViewController.h */ = {isa = PBXFileReference; fileEncoding = 4; lastKnownFileType = sourcecode.c.h; path = EditCourseViewController.h; sourceTree = "<group>"; };
		96E6A07B15BEF2DC0067A844 /* EditCourseViewController.m */ = {isa = PBXFileReference; fileEncoding = 4; lastKnownFileType = sourcecode.c.objc; path = EditCourseViewController.m; sourceTree = "<group>"; };
		96E6A07F15BF47340067A844 /* MeetingTimesViewController.h */ = {isa = PBXFileReference; fileEncoding = 4; lastKnownFileType = sourcecode.c.h; path = MeetingTimesViewController.h; sourceTree = "<group>"; };
		96E6A08015BF47340067A844 /* MeetingTimesViewController.m */ = {isa = PBXFileReference; fileEncoding = 4; lastKnownFileType = sourcecode.c.objc; path = MeetingTimesViewController.m; sourceTree = "<group>"; };
		96FB4F1915BC9E2500415A5D /* TextEntryViewController.h */ = {isa = PBXFileReference; fileEncoding = 4; lastKnownFileType = sourcecode.c.h; path = TextEntryViewController.h; sourceTree = "<group>"; };
		96FB4F1A15BC9E2500415A5D /* TextEntryViewController.m */ = {isa = PBXFileReference; fileEncoding = 4; lastKnownFileType = sourcecode.c.objc; path = TextEntryViewController.m; sourceTree = "<group>"; };
		96FB4F1B15BC9E2500415A5D /* TextEntryViewController.xib */ = {isa = PBXFileReference; fileEncoding = 4; lastKnownFileType = file.xib; path = TextEntryViewController.xib; sourceTree = "<group>"; };
/* End PBXFileReference section */

/* Begin PBXFrameworksBuildPhase section */
		961443DD15BB3B50004CBA37 /* Frameworks */ = {
			isa = PBXFrameworksBuildPhase;
			buildActionMask = 2147483647;
			files = (
				9614441C15BB3B87004CBA37 /* SystemConfiguration.framework in Frameworks */,
				9614441A15BB3B81004CBA37 /* Security.framework in Frameworks */,
				961443E515BB3B50004CBA37 /* UIKit.framework in Frameworks */,
				961443E715BB3B50004CBA37 /* Foundation.framework in Frameworks */,
				961443E915BB3B50004CBA37 /* CoreGraphics.framework in Frameworks */,
				961443EB15BB3B50004CBA37 /* CoreData.framework in Frameworks */,
			);
			runOnlyForDeploymentPostprocessing = 0;
		};
/* End PBXFrameworksBuildPhase section */

/* Begin PBXGroup section */
		961443D515BB3B50004CBA37 = {
			isa = PBXGroup;
			children = (
				9614441B15BB3B87004CBA37 /* SystemConfiguration.framework */,
				9614441915BB3B81004CBA37 /* Security.framework */,
				961443EC15BB3B50004CBA37 /* iStudent */,
				961443E315BB3B50004CBA37 /* Frameworks */,
				961443E115BB3B50004CBA37 /* Products */,
			);
			sourceTree = "<group>";
		};
		961443E115BB3B50004CBA37 /* Products */ = {
			isa = PBXGroup;
			children = (
				961443E015BB3B50004CBA37 /* iStudent.app */,
			);
			name = Products;
			sourceTree = "<group>";
		};
		961443E315BB3B50004CBA37 /* Frameworks */ = {
			isa = PBXGroup;
			children = (
				961443E415BB3B50004CBA37 /* UIKit.framework */,
				961443E615BB3B50004CBA37 /* Foundation.framework */,
				961443E815BB3B50004CBA37 /* CoreGraphics.framework */,
				961443EA15BB3B50004CBA37 /* CoreData.framework */,
			);
			name = Frameworks;
			sourceTree = "<group>";
		};
		961443EC15BB3B50004CBA37 /* iStudent */ = {
			isa = PBXGroup;
			children = (
				9614455C15BB3ECF004CBA37 /* Classes */,
				961443F515BB3B51004CBA37 /* AppDelegate.h */,
				961443F615BB3B51004CBA37 /* AppDelegate.m */,
				961443ED15BB3B51004CBA37 /* Supporting Files */,
			);
			path = iStudent;
			sourceTree = "<group>";
		};
		961443ED15BB3B51004CBA37 /* Supporting Files */ = {
			isa = PBXGroup;
			children = (
				961443F815BB3B51004CBA37 /* iStudent.xcdatamodeld */,
				9614457615BB5A9C004CBA37 /* DatePickerViewController.xib */,
				96FB4F1B15BC9E2500415A5D /* TextEntryViewController.xib */,
				96E6A07115BEF03A0067A844 /* TimePickerViewController.xib */,
				961443EE15BB3B51004CBA37 /* iStudent-Info.plist */,
				961443EF15BB3B51004CBA37 /* InfoPlist.strings */,
				961443F215BB3B51004CBA37 /* main.m */,
				961443F415BB3B51004CBA37 /* iStudent-Prefix.pch */,
			);
			name = "Supporting Files";
			sourceTree = "<group>";
		};
		9614455C15BB3ECF004CBA37 /* Classes */ = {
			isa = PBXGroup;
			children = (
				96E6A06015BEEA250067A844 /* Course */,
				9614457515BB4D7F004CBA37 /* Models */,
				9614456E15BB4C2D004CBA37 /* Shared */,
				9614455D15BB3EEA004CBA37 /* Semester */,
			);
			name = Classes;
			sourceTree = "<group>";
		};
		9614455D15BB3EEA004CBA37 /* Semester */ = {
			isa = PBXGroup;
			children = (
				9614456515BB3F8C004CBA37 /* SemestersViewController.h */,
				9614456615BB3F8C004CBA37 /* SemestersViewController.m */,
				9614456F15BB4C4E004CBA37 /* EditSemesterViewController.h */,
				9614457015BB4C4E004CBA37 /* EditSemesterViewController.m */,
			);
			name = Semester;
			sourceTree = "<group>";
		};
		9614456E15BB4C2D004CBA37 /* Shared */ = {
			isa = PBXGroup;
			children = (
				96E6A06D15BEF03A0067A844 /* DaysOfTheWeekPicker.h */,
				96E6A06E15BEF03A0067A844 /* DaysOfTheWeekPicker.m */,
				96E6A06F15BEF03A0067A844 /* TimePickerViewController.h */,
				96E6A07015BEF03A0067A844 /* TimePickerViewController.m */,
				96FB4F1915BC9E2500415A5D /* TextEntryViewController.h */,
				96FB4F1A15BC9E2500415A5D /* TextEntryViewController.m */,
				9614456B15BB4C27004CBA37 /* DatePickerViewController.h */,
				9614456C15BB4C27004CBA37 /* DatePickerViewController.m */,
				9614456215BB3F55004CBA37 /* CoreDataTableViewController.h */,
				9614456315BB3F55004CBA37 /* CoreDataTableViewController.m */,
			);
			name = Shared;
			sourceTree = "<group>";
		};
		9614457515BB4D7F004CBA37 /* Models */ = {
			isa = PBXGroup;
			children = (
				96E6A06A15BEEE8E0067A844 /* MeetingTime.h */,
				96E6A06B15BEEE8E0067A844 /* MeetingTime.m */,
				96E6A06415BEEE280067A844 /* Course.h */,
				96E6A06515BEEE280067A844 /* Course.m */,
				9614457215BB4D79004CBA37 /* Semester.h */,
				9614457315BB4D79004CBA37 /* Semester.m */,
				9614457C15BB9746004CBA37 /* NSManagedObject-IsNew.h */,
				9614457D15BB9746004CBA37 /* NSManagedObject-IsNew.m */,
			);
			name = Models;
			sourceTree = "<group>";
		};
		96E6A06015BEEA250067A844 /* Course */ = {
			isa = PBXGroup;
			children = (
				96E6A07E15BF47070067A844 /* Meetings */,
				96E6A07815BEF2DC0067A844 /* CoursesViewController.h */,
				96E6A07915BEF2DC0067A844 /* CoursesViewController.m */,
				96E6A07A15BEF2DC0067A844 /* EditCourseViewController.h */,
				96E6A07B15BEF2DC0067A844 /* EditCourseViewController.m */,
			);
			name = Course;
			sourceTree = "<group>";
		};
		96E6A07E15BF47070067A844 /* Meetings */ = {
			isa = PBXGroup;
			children = (
				96E6A07515BEF1090067A844 /* EditMeetingTimeViewController.h */,
				96E6A07615BEF1090067A844 /* EditMeetingTimeViewController.m */,
				96E6A07F15BF47340067A844 /* MeetingTimesViewController.h */,
				96E6A08015BF47340067A844 /* MeetingTimesViewController.m */,
			);
			name = Meetings;
			sourceTree = "<group>";
		};
/* End PBXGroup section */

/* Begin PBXNativeTarget section */
		961443DF15BB3B50004CBA37 /* iStudent */ = {
			isa = PBXNativeTarget;
			buildConfigurationList = 961443FD15BB3B51004CBA37 /* Build configuration list for PBXNativeTarget "iStudent" */;
			buildPhases = (
				961443DC15BB3B50004CBA37 /* Sources */,
				961443DD15BB3B50004CBA37 /* Frameworks */,
				961443DE15BB3B50004CBA37 /* Resources */,
			);
			buildRules = (
			);
			dependencies = (
			);
			name = iStudent;
			productName = iStudent;
			productReference = 961443E015BB3B50004CBA37 /* iStudent.app */;
			productType = "com.apple.product-type.application";
		};
/* End PBXNativeTarget section */

/* Begin PBXProject section */
		961443D715BB3B50004CBA37 /* Project object */ = {
			isa = PBXProject;
			attributes = {
				LastUpgradeCheck = 0430;
			};
			buildConfigurationList = 961443DA15BB3B50004CBA37 /* Build configuration list for PBXProject "iStudent" */;
			compatibilityVersion = "Xcode 3.2";
			developmentRegion = English;
			hasScannedForEncodings = 0;
			knownRegions = (
				en,
			);
			mainGroup = 961443D515BB3B50004CBA37;
			productRefGroup = 961443E115BB3B50004CBA37 /* Products */;
			projectDirPath = "";
			projectRoot = "";
			targets = (
				961443DF15BB3B50004CBA37 /* iStudent */,
			);
		};
/* End PBXProject section */

/* Begin PBXResourcesBuildPhase section */
		961443DE15BB3B50004CBA37 /* Resources */ = {
			isa = PBXResourcesBuildPhase;
			buildActionMask = 2147483647;
			files = (
				961443F115BB3B51004CBA37 /* InfoPlist.strings in Resources */,
				9614457715BB5A9C004CBA37 /* DatePickerViewController.xib in Resources */,
				96FB4F1D15BC9E2500415A5D /* TextEntryViewController.xib in Resources */,
				96E6A07415BEF03A0067A844 /* TimePickerViewController.xib in Resources */,
			);
			runOnlyForDeploymentPostprocessing = 0;
		};
/* End PBXResourcesBuildPhase section */

/* Begin PBXSourcesBuildPhase section */
		961443DC15BB3B50004CBA37 /* Sources */ = {
			isa = PBXSourcesBuildPhase;
			buildActionMask = 2147483647;
			files = (
				961443F315BB3B51004CBA37 /* main.m in Sources */,
				961443F715BB3B51004CBA37 /* AppDelegate.m in Sources */,
				961443FA15BB3B51004CBA37 /* iStudent.xcdatamodeld in Sources */,
				9614456415BB3F55004CBA37 /* CoreDataTableViewController.m in Sources */,
				9614456715BB3F8C004CBA37 /* SemestersViewController.m in Sources */,
				9614456D15BB4C27004CBA37 /* DatePickerViewController.m in Sources */,
				9614457115BB4C4E004CBA37 /* EditSemesterViewController.m in Sources */,
				9614457415BB4D79004CBA37 /* Semester.m in Sources */,
				9614457E15BB9746004CBA37 /* NSManagedObject-IsNew.m in Sources */,
				96FB4F1C15BC9E2500415A5D /* TextEntryViewController.m in Sources */,
				96E6A06615BEEE280067A844 /* Course.m in Sources */,
				96E6A06C15BEEE8F0067A844 /* MeetingTime.m in Sources */,
				96E6A07215BEF03A0067A844 /* DaysOfTheWeekPicker.m in Sources */,
				96E6A07315BEF03A0067A844 /* TimePickerViewController.m in Sources */,
				96E6A07715BEF1090067A844 /* EditMeetingTimeViewController.m in Sources */,
				96E6A07C15BEF2DC0067A844 /* CoursesViewController.m in Sources */,
				96E6A07D15BEF2DC0067A844 /* EditCourseViewController.m in Sources */,
				96E6A08115BF47340067A844 /* MeetingTimesViewController.m in Sources */,
			);
			runOnlyForDeploymentPostprocessing = 0;
		};
/* End PBXSourcesBuildPhase section */

/* Begin PBXVariantGroup section */
		961443EF15BB3B51004CBA37 /* InfoPlist.strings */ = {
			isa = PBXVariantGroup;
			children = (
				961443F015BB3B51004CBA37 /* en */,
			);
			name = InfoPlist.strings;
			sourceTree = "<group>";
		};
/* End PBXVariantGroup section */

/* Begin XCBuildConfiguration section */
		961443FB15BB3B51004CBA37 /* Debug */ = {
			isa = XCBuildConfiguration;
			buildSettings = {
				ALWAYS_SEARCH_USER_PATHS = NO;
				ARCHS = "$(ARCHS_STANDARD_32_BIT)";
				"CODE_SIGN_IDENTITY[sdk=iphoneos*]" = "iPhone Developer";
				COPY_PHASE_STRIP = NO;
				GCC_C_LANGUAGE_STANDARD = gnu99;
				GCC_DYNAMIC_NO_PIC = NO;
				GCC_OPTIMIZATION_LEVEL = 0;
				GCC_PREPROCESSOR_DEFINITIONS = (
					"DEBUG=1",
					"$(inherited)",
				);
				GCC_SYMBOLS_PRIVATE_EXTERN = NO;
				GCC_VERSION = com.apple.compilers.llvm.clang.1_0;
				GCC_WARN_ABOUT_RETURN_TYPE = YES;
				GCC_WARN_UNINITIALIZED_AUTOS = YES;
				GCC_WARN_UNUSED_VARIABLE = YES;
				IPHONEOS_DEPLOYMENT_TARGET = 5.1;
				SDKROOT = iphoneos;
			};
			name = Debug;
		};
		961443FC15BB3B51004CBA37 /* Release */ = {
			isa = XCBuildConfiguration;
			buildSettings = {
				ALWAYS_SEARCH_USER_PATHS = NO;
				ARCHS = "$(ARCHS_STANDARD_32_BIT)";
				"CODE_SIGN_IDENTITY[sdk=iphoneos*]" = "iPhone Developer";
				COPY_PHASE_STRIP = YES;
				GCC_C_LANGUAGE_STANDARD = gnu99;
				GCC_VERSION = com.apple.compilers.llvm.clang.1_0;
				GCC_WARN_ABOUT_RETURN_TYPE = YES;
				GCC_WARN_UNINITIALIZED_AUTOS = YES;
				GCC_WARN_UNUSED_VARIABLE = YES;
				IPHONEOS_DEPLOYMENT_TARGET = 5.1;
				OTHER_CFLAGS = "-DNS_BLOCK_ASSERTIONS=1";
				SDKROOT = iphoneos;
				VALIDATE_PRODUCT = YES;
			};
			name = Release;
		};
		961443FE15BB3B51004CBA37 /* Debug */ = {
			isa = XCBuildConfiguration;
			buildSettings = {
				GCC_PRECOMPILE_PREFIX_HEADER = YES;
				GCC_PREFIX_HEADER = "iStudent/iStudent-Prefix.pch";
				HEADER_SEARCH_PATHS = /usr/include/libxml2;
				INFOPLIST_FILE = "iStudent/iStudent-Info.plist";
				OTHER_LDFLAGS = (
					"-all_load",
					"-lxml2",
					"-ObjC",
				);
				PRODUCT_NAME = "$(TARGET_NAME)";
				WRAPPER_EXTENSION = app;
			};
			name = Debug;
		};
		961443FF15BB3B51004CBA37 /* Release */ = {
			isa = XCBuildConfiguration;
			buildSettings = {
				GCC_PRECOMPILE_PREFIX_HEADER = YES;
				GCC_PREFIX_HEADER = "iStudent/iStudent-Prefix.pch";
				HEADER_SEARCH_PATHS = /usr/include/libxml2;
				INFOPLIST_FILE = "iStudent/iStudent-Info.plist";
				OTHER_LDFLAGS = (
					"-all_load",
					"-lxml2",
					"-ObjC",
				);
				PRODUCT_NAME = "$(TARGET_NAME)";
				WRAPPER_EXTENSION = app;
			};
			name = Release;
		};
/* End XCBuildConfiguration section */

/* Begin XCConfigurationList section */
		961443DA15BB3B50004CBA37 /* Build configuration list for PBXProject "iStudent" */ = {
			isa = XCConfigurationList;
			buildConfigurations = (
				961443FB15BB3B51004CBA37 /* Debug */,
				961443FC15BB3B51004CBA37 /* Release */,
			);
			defaultConfigurationIsVisible = 0;
			defaultConfigurationName = Release;
		};
		961443FD15BB3B51004CBA37 /* Build configuration list for PBXNativeTarget "iStudent" */ = {
			isa = XCConfigurationList;
			buildConfigurations = (
				961443FE15BB3B51004CBA37 /* Debug */,
				961443FF15BB3B51004CBA37 /* Release */,
			);
			defaultConfigurationIsVisible = 0;
			defaultConfigurationName = Release;
		};
/* End XCConfigurationList section */

/* Begin XCVersionGroup section */
		961443F815BB3B51004CBA37 /* iStudent.xcdatamodeld */ = {
			isa = XCVersionGroup;
			children = (
				961443F915BB3B51004CBA37 /* iStudent.xcdatamodel */,
			);
			currentVersion = 961443F915BB3B51004CBA37 /* iStudent.xcdatamodel */;
			path = iStudent.xcdatamodeld;
			sourceTree = "<group>";
			versionGroupType = wrapper.xcdatamodel;
		};
/* End XCVersionGroup section */
	};
	rootObject = 961443D715BB3B50004CBA37 /* Project object */;
}
